
Microsoft Visual Studio Solution File, Format Version 12.00
# Visual Studio Version 17
VisualStudioVersion = 17.4.33205.214
MinimumVisualStudioVersion = 10.0.40219.1
Project("{FAE04EC0-301F-11D3-BF4B-00C04F79EFBC}") = "TestApp", "TestApp\TestApp.csproj", "{B3ACB668-86DB-456D-95EC-D0307F8DC1E1}"
EndProject
Global
	GlobalSection(SolutionConfigurationPlatforms) = preSolution
		Debug|Any CPU = Debug|Any CPU
		Release|Any CPU = Release|Any CPU
	EndGlobalSection
	GlobalSection(ProjectConfigurationPlatforms) = postSolution
		{B3ACB668-86DB-456D-95EC-D0307F8DC1E1}.Debug|Any CPU.ActiveCfg = Debug|Any CPU
		{B3ACB668-86DB-456D-95EC-D0307F8DC1E1}.Debug|Any CPU.Build.0 = Debug|Any CPU
		{B3ACB668-86DB-456D-95EC-D0307F8DC1E1}.Release|Any CPU.ActiveCfg = Release|Any CPU
		{B3ACB668-86DB-456D-95EC-D0307F8DC1E1}.Release|Any CPU.Build.0 = Release|Any CPU
	EndGlobalSection
	GlobalSection(SolutionProperties) = preSolution
		HideSolutionNode = FALSE
	EndGlobalSection
	GlobalSection(ExtensibilityGlobals) = postSolution
		SolutionGuid = {2871ED9F-F009-4A69-ACC3-2F0F5A2B0914}
	EndGlobalSection
EndGlobal
